{
  "requires": true,
  "lockfileVersion": 1,
  "dependencies": {
    "@angular/common": {
      "version": "9.0.0",
      "resolved": "https://registry.npmjs.org/@angular/common/-/common-9.0.0.tgz",
      "integrity": "sha512-ZMmEClGtUNJwV5CBlqcSHPIsNyz6WU/GvKWFzJ5VZc68oeg1e7lqfNMNIC47TjyolNJ7VSpNlyrKjzfdBlmqVw=="
    }
  }
}
